
Microsoft Visual Studio Solution File, Format Version 12.00
# Visual Studio Version 17
VisualStudioVersion = 17.8.34408.163
MinimumVisualStudioVersion = 10.0.40219.1
Project("{9A19103F-16F7-4668-BE54-9A1E7A4F7556}") = "FormulaEvaluator", "FormulaEvaluator\FormulaEvaluator.csproj", "{A35F7EA9-FBE3-4D8D-8406-C31B0AD14866}"
EndProject
Project("{9A19103F-16F7-4668-BE54-9A1E7A4F7556}") = "FormulaEvaluatorTester", "FormulaEvaluatorTester\FormulaEvaluatorTester.csproj", "{3BE4225F-9CE6-4564-93CE-E4BEC5C4D5CD}"
EndProject
Project("{2150E333-8FDC-42A3-9474-1A3956D46DE8}") = "Solution Items", "Solution Items", "{6CC71F01-5413-4658-A055-618937655417}"
	ProjectSection(SolutionItems) = preProject
		README.md = README.md
	EndProjectSection
EndProject
Project("{9A19103F-16F7-4668-BE54-9A1E7A4F7556}") = "DependencyGraph", "DependencyGraph\DependencyGraph.csproj", "{5A2EB721-96C4-43BA-9DF8-A6250267D6C9}"
EndProject
Project("{9A19103F-16F7-4668-BE54-9A1E7A4F7556}") = "DependencyGraphTests", "DependencyGraphTests\DependencyGraphTests.csproj", "{1B2B3CBC-D7BB-4CF2-82C5-4B06544D0011}"
EndProject
Project("{9A19103F-16F7-4668-BE54-9A1E7A4F7556}") = "Formula", "Formula\Formula.csproj", "{D43A6574-A7CA-439E-B643-B82C7686011D}"
EndProject
Project("{FAE04EC0-301F-11D3-BF4B-00C04F79EFBC}") = "FormulaTests", "FormulaTests\FormulaTests.csproj", "{A80061D9-AC54-4CB8-8C66-97EBCE48112D}"
EndProject
Global
	GlobalSection(SolutionConfigurationPlatforms) = preSolution
		Debug|Any CPU = Debug|Any CPU
		Release|Any CPU = Release|Any CPU
	EndGlobalSection
	GlobalSection(ProjectConfigurationPlatforms) = postSolution
		{A35F7EA9-FBE3-4D8D-8406-C31B0AD14866}.Debug|Any CPU.ActiveCfg = Debug|Any CPU
		{A35F7EA9-FBE3-4D8D-8406-C31B0AD14866}.Debug|Any CPU.Build.0 = Debug|Any CPU
		{A35F7EA9-FBE3-4D8D-8406-C31B0AD14866}.Release|Any CPU.ActiveCfg = Release|Any CPU
		{A35F7EA9-FBE3-4D8D-8406-C31B0AD14866}.Release|Any CPU.Build.0 = Release|Any CPU
		{3BE4225F-9CE6-4564-93CE-E4BEC5C4D5CD}.Debug|Any CPU.ActiveCfg = Debug|Any CPU
		{3BE4225F-9CE6-4564-93CE-E4BEC5C4D5CD}.Debug|Any CPU.Build.0 = Debug|Any CPU
		{3BE4225F-9CE6-4564-93CE-E4BEC5C4D5CD}.Release|Any CPU.ActiveCfg = Release|Any CPU
		{3BE4225F-9CE6-4564-93CE-E4BEC5C4D5CD}.Release|Any CPU.Build.0 = Release|Any CPU
		{5A2EB721-96C4-43BA-9DF8-A6250267D6C9}.Debug|Any CPU.ActiveCfg = Debug|Any CPU
		{5A2EB721-96C4-43BA-9DF8-A6250267D6C9}.Debug|Any CPU.Build.0 = Debug|Any CPU
		{5A2EB721-96C4-43BA-9DF8-A6250267D6C9}.Release|Any CPU.ActiveCfg = Release|Any CPU
		{5A2EB721-96C4-43BA-9DF8-A6250267D6C9}.Release|Any CPU.Build.0 = Release|Any CPU
		{1B2B3CBC-D7BB-4CF2-82C5-4B06544D0011}.Debug|Any CPU.ActiveCfg = Debug|Any CPU
		{1B2B3CBC-D7BB-4CF2-82C5-4B06544D0011}.Debug|Any CPU.Build.0 = Debug|Any CPU
		{1B2B3CBC-D7BB-4CF2-82C5-4B06544D0011}.Release|Any CPU.ActiveCfg = Release|Any CPU
		{1B2B3CBC-D7BB-4CF2-82C5-4B06544D0011}.Release|Any CPU.Build.0 = Release|Any CPU
		{D43A6574-A7CA-439E-B643-B82C7686011D}.Debug|Any CPU.ActiveCfg = Debug|Any CPU
		{D43A6574-A7CA-439E-B643-B82C7686011D}.Debug|Any CPU.Build.0 = Debug|Any CPU
		{D43A6574-A7CA-439E-B643-B82C7686011D}.Release|Any CPU.ActiveCfg = Release|Any CPU
		{D43A6574-A7CA-439E-B643-B82C7686011D}.Release|Any CPU.Build.0 = Release|Any CPU
		{A80061D9-AC54-4CB8-8C66-97EBCE48112D}.Debug|Any CPU.ActiveCfg = Debug|Any CPU
		{A80061D9-AC54-4CB8-8C66-97EBCE48112D}.Debug|Any CPU.Build.0 = Debug|Any CPU
		{A80061D9-AC54-4CB8-8C66-97EBCE48112D}.Release|Any CPU.ActiveCfg = Release|Any CPU
		{A80061D9-AC54-4CB8-8C66-97EBCE48112D}.Release|Any CPU.Build.0 = Release|Any CPU
	EndGlobalSection
	GlobalSection(SolutionProperties) = preSolution
		HideSolutionNode = FALSE
	EndGlobalSection
	GlobalSection(ExtensibilityGlobals) = postSolution
		SolutionGuid = {AC4DBBA8-0100-4A5C-B728-E70713B0A252}
	EndGlobalSection
EndGlobal
